<Solution>
  <Configurations>
    <Platform Name="x64" />
    <Platform Name="x86" />
  </Configurations>
  <Project Path="../Class1th (Input System)/Class1th (Input System).vcxproj" Id="514607e2-0815-42b4-962b-3fb99c043f77" />
  <Project Path="Program.vcxproj" Id="53b474c2-71f2-405f-b4b5-2015d97b39a2" />
</Solution>
